
Microsoft Visual Studio Solution File, Format Version 12.00
# Visual Studio Version 17
VisualStudioVersion = 17.3.32929.385
MinimumVisualStudioVersion = 10.0.40219.1
Project("{FAE04EC0-301F-11D3-BF4B-00C04F79EFBC}") = "Curs1", "Curs1\Curs1.csproj", "{1F249B96-FC26-4D5C-B86C-863CC6D6CFB4}"
EndProject
Project("{FAE04EC0-301F-11D3-BF4B-00C04F79EFBC}") = "Curs2", "Curs2\Curs2.csproj", "{809E8CF1-20BD-4890-9C6C-1B5BCD047495}"
EndProject
Project("{FAE04EC0-301F-11D3-BF4B-00C04F79EFBC}") = "CustomDrawMethods", "CustomDrawMethods\CustomDrawMethods.csproj", "{47685086-B621-40EE-9A49-E58457B338C1}"
EndProject
Project("{FAE04EC0-301F-11D3-BF4B-00C04F79EFBC}") = "SmallestEnclosingCircle", "SmallestEnclosingCircle\SmallestEnclosingCircle.csproj", "{D4A35622-F840-4822-B8BF-E03E8B362C12}"
EndProject
Project("{FAE04EC0-301F-11D3-BF4B-00C04F79EFBC}") = "Curs3", "Curs3\Curs3.csproj", "{2D6D69BD-7E1C-428E-8E8F-B99E528AA7DA}"
EndProject
Project("{FAE04EC0-301F-11D3-BF4B-00C04F79EFBC}") = "Lab1", "Lab1_P1\Lab1.csproj", "{EB3299A6-4DAD-4201-86F4-497500804073}"
EndProject
Project("{FAE04EC0-301F-11D3-BF4B-00C04F79EFBC}") = "Lab2", "Lab2\Lab2.csproj", "{26891BB4-F122-4657-B8EB-F7206977B7B9}"
EndProject
Global
	GlobalSection(SolutionConfigurationPlatforms) = preSolution
		Debug|Any CPU = Debug|Any CPU
		Release|Any CPU = Release|Any CPU
	EndGlobalSection
	GlobalSection(ProjectConfigurationPlatforms) = postSolution
		{1F249B96-FC26-4D5C-B86C-863CC6D6CFB4}.Debug|Any CPU.ActiveCfg = Debug|Any CPU
		{1F249B96-FC26-4D5C-B86C-863CC6D6CFB4}.Debug|Any CPU.Build.0 = Debug|Any CPU
		{1F249B96-FC26-4D5C-B86C-863CC6D6CFB4}.Release|Any CPU.ActiveCfg = Release|Any CPU
		{1F249B96-FC26-4D5C-B86C-863CC6D6CFB4}.Release|Any CPU.Build.0 = Release|Any CPU
		{809E8CF1-20BD-4890-9C6C-1B5BCD047495}.Debug|Any CPU.ActiveCfg = Debug|Any CPU
		{809E8CF1-20BD-4890-9C6C-1B5BCD047495}.Debug|Any CPU.Build.0 = Debug|Any CPU
		{809E8CF1-20BD-4890-9C6C-1B5BCD047495}.Release|Any CPU.ActiveCfg = Release|Any CPU
		{809E8CF1-20BD-4890-9C6C-1B5BCD047495}.Release|Any CPU.Build.0 = Release|Any CPU
		{47685086-B621-40EE-9A49-E58457B338C1}.Debug|Any CPU.ActiveCfg = Debug|Any CPU
		{47685086-B621-40EE-9A49-E58457B338C1}.Debug|Any CPU.Build.0 = Debug|Any CPU
		{47685086-B621-40EE-9A49-E58457B338C1}.Release|Any CPU.ActiveCfg = Release|Any CPU
		{47685086-B621-40EE-9A49-E58457B338C1}.Release|Any CPU.Build.0 = Release|Any CPU
		{D4A35622-F840-4822-B8BF-E03E8B362C12}.Debug|Any CPU.ActiveCfg = Debug|Any CPU
		{D4A35622-F840-4822-B8BF-E03E8B362C12}.Debug|Any CPU.Build.0 = Debug|Any CPU
		{D4A35622-F840-4822-B8BF-E03E8B362C12}.Release|Any CPU.ActiveCfg = Release|Any CPU
		{D4A35622-F840-4822-B8BF-E03E8B362C12}.Release|Any CPU.Build.0 = Release|Any CPU
		{2D6D69BD-7E1C-428E-8E8F-B99E528AA7DA}.Debug|Any CPU.ActiveCfg = Debug|Any CPU
		{2D6D69BD-7E1C-428E-8E8F-B99E528AA7DA}.Debug|Any CPU.Build.0 = Debug|Any CPU
		{2D6D69BD-7E1C-428E-8E8F-B99E528AA7DA}.Release|Any CPU.ActiveCfg = Release|Any CPU
		{2D6D69BD-7E1C-428E-8E8F-B99E528AA7DA}.Release|Any CPU.Build.0 = Release|Any CPU
		{EB3299A6-4DAD-4201-86F4-497500804073}.Debug|Any CPU.ActiveCfg = Debug|Any CPU
		{EB3299A6-4DAD-4201-86F4-497500804073}.Debug|Any CPU.Build.0 = Debug|Any CPU
		{EB3299A6-4DAD-4201-86F4-497500804073}.Release|Any CPU.ActiveCfg = Release|Any CPU
		{EB3299A6-4DAD-4201-86F4-497500804073}.Release|Any CPU.Build.0 = Release|Any CPU
		{26891BB4-F122-4657-B8EB-F7206977B7B9}.Debug|Any CPU.ActiveCfg = Debug|Any CPU
		{26891BB4-F122-4657-B8EB-F7206977B7B9}.Debug|Any CPU.Build.0 = Debug|Any CPU
		{26891BB4-F122-4657-B8EB-F7206977B7B9}.Release|Any CPU.ActiveCfg = Release|Any CPU
		{26891BB4-F122-4657-B8EB-F7206977B7B9}.Release|Any CPU.Build.0 = Release|Any CPU
	EndGlobalSection
	GlobalSection(SolutionProperties) = preSolution
		HideSolutionNode = FALSE
	EndGlobalSection
	GlobalSection(ExtensibilityGlobals) = postSolution
		SolutionGuid = {AC46493D-A5B9-4A04-A309-E73A363982E0}
	EndGlobalSection
EndGlobal
